
Microsoft Visual Studio Solution File, Format Version 11.00
# Visual Studio 2010
Project("{FAE04EC0-301F-11D3-BF4B-00C04F79EFBC}") = "Assembly-CSharp", "Assembly-CSharp.csproj", "{4602F6C0-E79E-2493-830F-7D0B5B42172D}"
EndProject
Project("{FAE04EC0-301F-11D3-BF4B-00C04F79EFBC}") = "Assembly-CSharp-Editor", "Assembly-CSharp-Editor.csproj", "{AC5680EB-5F96-C5A5-7C25-1176CF2E9B55}"
EndProject
Global
	GlobalSection(SolutionConfigurationPlatforms) = preSolution
		Debug|Any CPU = Debug|Any CPU
		Release|Any CPU = Release|Any CPU
	EndGlobalSection
	GlobalSection(ProjectConfigurationPlatforms) = postSolution
		{4602F6C0-E79E-2493-830F-7D0B5B42172D}.Debug|Any CPU.ActiveCfg = Debug|Any CPU
		{4602F6C0-E79E-2493-830F-7D0B5B42172D}.Debug|Any CPU.Build.0 = Debug|Any CPU
		{4602F6C0-E79E-2493-830F-7D0B5B42172D}.Release|Any CPU.ActiveCfg = Release|Any CPU
		{4602F6C0-E79E-2493-830F-7D0B5B42172D}.Release|Any CPU.Build.0 = Release|Any CPU
		{AC5680EB-5F96-C5A5-7C25-1176CF2E9B55}.Debug|Any CPU.ActiveCfg = Debug|Any CPU
		{AC5680EB-5F96-C5A5-7C25-1176CF2E9B55}.Debug|Any CPU.Build.0 = Debug|Any CPU
		{AC5680EB-5F96-C5A5-7C25-1176CF2E9B55}.Release|Any CPU.ActiveCfg = Release|Any CPU
		{AC5680EB-5F96-C5A5-7C25-1176CF2E9B55}.Release|Any CPU.Build.0 = Release|Any CPU
	EndGlobalSection
	GlobalSection(SolutionProperties) = preSolution
		HideSolutionNode = FALSE
	EndGlobalSection
	GlobalSection(MonoDevelopProperties) = preSolution
		StartupItem = Assembly-CSharp.csproj
	EndGlobalSection
EndGlobal
